// !$*UTF8*$!
{
	archiveVersion = 1;
	classes = {
	};
	objectVersion = 56;
	objects = {

/* Begin PBXBuildFile section */
		1CA61166F746BD3A75C719CD /* Bausteine.swift in Sources */ = {isa = PBXBuildFile; fileRef = B85A79CF36D047141BCF9D5B /* Bausteine.swift */; };
		11DA4B7045C6CB4A7D1A6AAC /* DatenAnsicht.swift in Sources */ = {isa = PBXBuildFile; fileRef = 981696428C491A82110656C8 /* DatenAnsicht.swift */; };
		A68DCDCB14D1C2F63CC84B63 /* DokumentAnsicht.swift in Sources */ = {isa = PBXBuildFile; fileRef = 354F847E614FE27FD1842A17 /* DokumentAnsicht.swift */; };
		6B57A8B292DF63E6E9BF0809 /* EinheitenAnsicht.swift in Sources */ = {isa = PBXBuildFile; fileRef = 64F740DE27894D25CF9F2958 /* EinheitenAnsicht.swift */; };
		078301708F7259E81F9F2E45 /* HeizungAnsicht.swift in Sources */ = {isa = PBXBuildFile; fileRef = 64A4173F20EDF8BCE7F46385 /* HeizungAnsicht.swift */; };
		03DCDB3072846285B120E909 /* KostenAnsicht.swift in Sources */ = {isa = PBXBuildFile; fileRef = 533CE9BEBD11400C76DE1014 /* KostenAnsicht.swift */; };
		15F46F6D31B26204A8D4893B /* MieterAnsicht.swift in Sources */ = {isa = PBXBuildFile; fileRef = 22889BF9048D8C0A0EE4FCE0 /* MieterAnsicht.swift */; };
		5DFF1D7DB46201903B125C61 /* PruefungAnsicht.swift in Sources */ = {isa = PBXBuildFile; fileRef = 3FF684E450562F84DFCB1145 /* PruefungAnsicht.swift */; };
		EED5A6561DAB0EEBAB8F2083 /* RootAnsicht.swift in Sources */ = {isa = PBXBuildFile; fileRef = 80DB123E4D1CF773FA6A832B /* RootAnsicht.swift */; };
		8ADE812668D3FCC11D3285FB /* StammdatenAnsicht.swift in Sources */ = {isa = PBXBuildFile; fileRef = CA6575E8561E62AB34DA41C5 /* StammdatenAnsicht.swift */; };
		C81D706EF8DF8AC359619E02 /* UebersichtAnsicht.swift in Sources */ = {isa = PBXBuildFile; fileRef = E7B69B0ECCA7DBC9F98B0A3D /* UebersichtAnsicht.swift */; };
		FC2D1F03B299747E4D4F200D /* VerbrauchAnsicht.swift in Sources */ = {isa = PBXBuildFile; fileRef = 96AA0EE2BCFC27E85A98D50C /* VerbrauchAnsicht.swift */; };
		F8D9DE6070C5B582523BB974 /* Assets.xcassets in Resources */ = {isa = PBXBuildFile; fileRef = BF51472D213748EC02FF0EEA /* Assets.xcassets */; };
		C44EAA1B4606F29600D54621 /* NebenkostenApp.swift in Sources */ = {isa = PBXBuildFile; fileRef = FE14B5E87E8DB27D3BD465B9 /* NebenkostenApp.swift */; };
		7D8EE05C6A2EEB5F96859E25 /* Datenspeicher.swift in Sources */ = {isa = PBXBuildFile; fileRef = DD9A4201267E38AAEB718AF8 /* Datenspeicher.swift */; };
		D3883E6731631D1865A0F91B /* PDFDienst.swift in Sources */ = {isa = PBXBuildFile; fileRef = BA546F1D336BE74CE1A9AA18 /* PDFDienst.swift */; };
		5E0D764F6E47176E13203D28 /* Abrechnung.swift in Sources */ = {isa = PBXBuildFile; fileRef = BC219EFFC4FA67AECEB3B1B7 /* Abrechnung.swift */; };
		65BA54F07380253DC84D55C7 /* CO2.swift in Sources */ = {isa = PBXBuildFile; fileRef = D4DC0508732917AD09728C1F /* CO2.swift */; };
		8F9209FE97A4220C775AD2A3 /* Datum.swift in Sources */ = {isa = PBXBuildFile; fileRef = F229043D7B1FF03DBF17EEAB /* Datum.swift */; };
		9A161859E5E0F722ED8FFABD /* Demodaten.swift in Sources */ = {isa = PBXBuildFile; fileRef = 00B75881A077CA927F0E3A06 /* Demodaten.swift */; };
		583790A18C5219CC806C225F /* DokumentHTML.swift in Sources */ = {isa = PBXBuildFile; fileRef = 1167910BE51F77FE933963C0 /* DokumentHTML.swift */; };
		6F47007EEF6F732E7E1718C0 /* Geld.swift in Sources */ = {isa = PBXBuildFile; fileRef = 0548A11AE6F61C386DDDBD6D /* Geld.swift */; };
		FB53B5748ADD87C16F1D1F65 /* Heizkosten.swift in Sources */ = {isa = PBXBuildFile; fileRef = 28DE6A741529FABAEC70DC50 /* Heizkosten.swift */; };
		4D78BCE970CDAE479FEB008B /* Katalog.swift in Sources */ = {isa = PBXBuildFile; fileRef = 3B115311D5787C4033B8A279 /* Katalog.swift */; };
		435951EC4B5C1D557307B47B /* Modell.swift in Sources */ = {isa = PBXBuildFile; fileRef = 36B7F89B555EB5646C8B9EB7 /* Modell.swift */; };
		AAA9BA6CB15FCA849FFC688E /* Pruefung.swift in Sources */ = {isa = PBXBuildFile; fileRef = AD753AAAFF523354308CAE29 /* Pruefung.swift */; };
/* End PBXBuildFile section */

/* Begin PBXFileReference section */
		1C8A350A84D27A4DD7E08C37 /* Nebenkosten.app */ = {isa = PBXFileReference; explicitFileType = wrapper.application; includeInIndex = 0; path = Nebenkosten.app; sourceTree = BUILT_PRODUCTS_DIR; };
		B85A79CF36D047141BCF9D5B /* Bausteine.swift */ = {isa = PBXFileReference; lastKnownFileType = sourcecode.swift; path = Bausteine.swift; sourceTree = "<group>"; };
		981696428C491A82110656C8 /* DatenAnsicht.swift */ = {isa = PBXFileReference; lastKnownFileType = sourcecode.swift; path = DatenAnsicht.swift; sourceTree = "<group>"; };
		354F847E614FE27FD1842A17 /* DokumentAnsicht.swift */ = {isa = PBXFileReference; lastKnownFileType = sourcecode.swift; path = DokumentAnsicht.swift; sourceTree = "<group>"; };
		64F740DE27894D25CF9F2958 /* EinheitenAnsicht.swift */ = {isa = PBXFileReference; lastKnownFileType = sourcecode.swift; path = EinheitenAnsicht.swift; sourceTree = "<group>"; };
		64A4173F20EDF8BCE7F46385 /* HeizungAnsicht.swift */ = {isa = PBXFileReference; lastKnownFileType = sourcecode.swift; path = HeizungAnsicht.swift; sourceTree = "<group>"; };
		533CE9BEBD11400C76DE1014 /* KostenAnsicht.swift */ = {isa = PBXFileReference; lastKnownFileType = sourcecode.swift; path = KostenAnsicht.swift; sourceTree = "<group>"; };
		22889BF9048D8C0A0EE4FCE0 /* MieterAnsicht.swift */ = {isa = PBXFileReference; lastKnownFileType = sourcecode.swift; path = MieterAnsicht.swift; sourceTree = "<group>"; };
		3FF684E450562F84DFCB1145 /* PruefungAnsicht.swift */ = {isa = PBXFileReference; lastKnownFileType = sourcecode.swift; path = PruefungAnsicht.swift; sourceTree = "<group>"; };
		80DB123E4D1CF773FA6A832B /* RootAnsicht.swift */ = {isa = PBXFileReference; lastKnownFileType = sourcecode.swift; path = RootAnsicht.swift; sourceTree = "<group>"; };
		CA6575E8561E62AB34DA41C5 /* StammdatenAnsicht.swift */ = {isa = PBXFileReference; lastKnownFileType = sourcecode.swift; path = StammdatenAnsicht.swift; sourceTree = "<group>"; };
		E7B69B0ECCA7DBC9F98B0A3D /* UebersichtAnsicht.swift */ = {isa = PBXFileReference; lastKnownFileType = sourcecode.swift; path = UebersichtAnsicht.swift; sourceTree = "<group>"; };
		96AA0EE2BCFC27E85A98D50C /* VerbrauchAnsicht.swift */ = {isa = PBXFileReference; lastKnownFileType = sourcecode.swift; path = VerbrauchAnsicht.swift; sourceTree = "<group>"; };
		BF51472D213748EC02FF0EEA /* Assets.xcassets */ = {isa = PBXFileReference; lastKnownFileType = folder.assetcatalog; path = Assets.xcassets; sourceTree = "<group>"; };
		FE14B5E87E8DB27D3BD465B9 /* NebenkostenApp.swift */ = {isa = PBXFileReference; lastKnownFileType = sourcecode.swift; path = NebenkostenApp.swift; sourceTree = "<group>"; };
		DD9A4201267E38AAEB718AF8 /* Datenspeicher.swift */ = {isa = PBXFileReference; lastKnownFileType = sourcecode.swift; path = Datenspeicher.swift; sourceTree = "<group>"; };
		BA546F1D336BE74CE1A9AA18 /* PDFDienst.swift */ = {isa = PBXFileReference; lastKnownFileType = sourcecode.swift; path = PDFDienst.swift; sourceTree = "<group>"; };
		BC219EFFC4FA67AECEB3B1B7 /* Abrechnung.swift */ = {isa = PBXFileReference; lastKnownFileType = sourcecode.swift; path = Abrechnung.swift; sourceTree = "<group>"; };
		D4DC0508732917AD09728C1F /* CO2.swift */ = {isa = PBXFileReference; lastKnownFileType = sourcecode.swift; path = CO2.swift; sourceTree = "<group>"; };
		F229043D7B1FF03DBF17EEAB /* Datum.swift */ = {isa = PBXFileReference; lastKnownFileType = sourcecode.swift; path = Datum.swift; sourceTree = "<group>"; };
		00B75881A077CA927F0E3A06 /* Demodaten.swift */ = {isa = PBXFileReference; lastKnownFileType = sourcecode.swift; path = Demodaten.swift; sourceTree = "<group>"; };
		1167910BE51F77FE933963C0 /* DokumentHTML.swift */ = {isa = PBXFileReference; lastKnownFileType = sourcecode.swift; path = DokumentHTML.swift; sourceTree = "<group>"; };
		0548A11AE6F61C386DDDBD6D /* Geld.swift */ = {isa = PBXFileReference; lastKnownFileType = sourcecode.swift; path = Geld.swift; sourceTree = "<group>"; };
		28DE6A741529FABAEC70DC50 /* Heizkosten.swift */ = {isa = PBXFileReference; lastKnownFileType = sourcecode.swift; path = Heizkosten.swift; sourceTree = "<group>"; };
		3B115311D5787C4033B8A279 /* Katalog.swift */ = {isa = PBXFileReference; lastKnownFileType = sourcecode.swift; path = Katalog.swift; sourceTree = "<group>"; };
		36B7F89B555EB5646C8B9EB7 /* Modell.swift */ = {isa = PBXFileReference; lastKnownFileType = sourcecode.swift; path = Modell.swift; sourceTree = "<group>"; };
		AD753AAAFF523354308CAE29 /* Pruefung.swift */ = {isa = PBXFileReference; lastKnownFileType = sourcecode.swift; path = Pruefung.swift; sourceTree = "<group>"; };
/* End PBXFileReference section */

/* Begin PBXFrameworksBuildPhase section */
		0B0EAC1C67A2F2EB9E6EB6F7 /* Frameworks */ = {
			isa = PBXFrameworksBuildPhase;
			buildActionMask = 2147483647;
			files = (
			);
			runOnlyForDeploymentPostprocessing = 0;
		};
/* End PBXFrameworksBuildPhase section */

/* Begin PBXGroup section */
		1BC61197B7561745E23EAF00 = {
			isa = PBXGroup;
			children = (
				7E3ABEF49C77D682EC7B097C /* Nebenkosten */,
				93D9642B826A396D3C3F691F /* Products */,
			);
			sourceTree = "<group>";
		};
		93D9642B826A396D3C3F691F /* Products */ = {
			isa = PBXGroup;
			children = (
				1C8A350A84D27A4DD7E08C37 /* Nebenkosten.app */,
			);
			name = Products;
			sourceTree = "<group>";
		};
		695BA8093CBAD68D6B944851 /* Ansichten */ = {
			isa = PBXGroup;
			children = (
				B85A79CF36D047141BCF9D5B /* Bausteine.swift */,
				981696428C491A82110656C8 /* DatenAnsicht.swift */,
				354F847E614FE27FD1842A17 /* DokumentAnsicht.swift */,
				64F740DE27894D25CF9F2958 /* EinheitenAnsicht.swift */,
				64A4173F20EDF8BCE7F46385 /* HeizungAnsicht.swift */,
				533CE9BEBD11400C76DE1014 /* KostenAnsicht.swift */,
				22889BF9048D8C0A0EE4FCE0 /* MieterAnsicht.swift */,
				3FF684E450562F84DFCB1145 /* PruefungAnsicht.swift */,
				80DB123E4D1CF773FA6A832B /* RootAnsicht.swift */,
				CA6575E8561E62AB34DA41C5 /* StammdatenAnsicht.swift */,
				E7B69B0ECCA7DBC9F98B0A3D /* UebersichtAnsicht.swift */,
				96AA0EE2BCFC27E85A98D50C /* VerbrauchAnsicht.swift */,
			);
			path = Ansichten;
			sourceTree = "<group>";
		};
		AE0DF801EFE1AFBE053BA3B5 /* App */ = {
			isa = PBXGroup;
			children = (
				BF51472D213748EC02FF0EEA /* Assets.xcassets */,
				FE14B5E87E8DB27D3BD465B9 /* NebenkostenApp.swift */,
			);
			path = App;
			sourceTree = "<group>";
		};
		36A1D640EA09063A064FA29C /* Dienste */ = {
			isa = PBXGroup;
			children = (
				DD9A4201267E38AAEB718AF8 /* Datenspeicher.swift */,
				BA546F1D336BE74CE1A9AA18 /* PDFDienst.swift */,
			);
			path = Dienste;
			sourceTree = "<group>";
		};
		AE1E7952CD6FC71D62D6CA16 /* Kern */ = {
			isa = PBXGroup;
			children = (
				BC219EFFC4FA67AECEB3B1B7 /* Abrechnung.swift */,
				D4DC0508732917AD09728C1F /* CO2.swift */,
				F229043D7B1FF03DBF17EEAB /* Datum.swift */,
				00B75881A077CA927F0E3A06 /* Demodaten.swift */,
				1167910BE51F77FE933963C0 /* DokumentHTML.swift */,
				0548A11AE6F61C386DDDBD6D /* Geld.swift */,
				28DE6A741529FABAEC70DC50 /* Heizkosten.swift */,
				3B115311D5787C4033B8A279 /* Katalog.swift */,
				36B7F89B555EB5646C8B9EB7 /* Modell.swift */,
				AD753AAAFF523354308CAE29 /* Pruefung.swift */,
			);
			path = Kern;
			sourceTree = "<group>";
		};
		7E3ABEF49C77D682EC7B097C /* Nebenkosten */ = {
			isa = PBXGroup;
			children = (
				695BA8093CBAD68D6B944851 /* Ansichten */,
				AE0DF801EFE1AFBE053BA3B5 /* App */,
				36A1D640EA09063A064FA29C /* Dienste */,
				AE1E7952CD6FC71D62D6CA16 /* Kern */,
			);
			path = Nebenkosten;
			sourceTree = "<group>";
		};
/* End PBXGroup section */

/* Begin PBXNativeTarget section */
		A433E53741EA2478FCC77843 /* Nebenkosten */ = {
			isa = PBXNativeTarget;
			buildConfigurationList = 1DD15A316465230F85C7D5B9 /* Build configuration list for PBXNativeTarget "Nebenkosten" */;
			buildPhases = (
				9261F04E014268C1FB6C1C5E /* Sources */,
				0B0EAC1C67A2F2EB9E6EB6F7 /* Frameworks */,
				B04831CC372489EBF0287850 /* Resources */,
			);
			buildRules = (
			);
			dependencies = (
			);
			name = Nebenkosten;
			productName = Nebenkosten;
			productReference = 1C8A350A84D27A4DD7E08C37 /* Nebenkosten.app */;
			productType = "com.apple.product-type.application";
		};
/* End PBXNativeTarget section */

/* Begin PBXProject section */
		1E09062A43327744B3F2A8E8 /* Project object */ = {
			isa = PBXProject;
			attributes = {
				BuildIndependentTargetsInParallel = 1;
				LastSwiftUpdateCheck = 1600;
				LastUpgradeCheck = 1600;
				TargetAttributes = {
					A433E53741EA2478FCC77843 = {
						CreatedOnToolsVersion = 16.0;
					};
				};
			};
			buildConfigurationList = 2635A9267CF92C30EEB45605 /* Build configuration list for PBXProject "Nebenkosten" */;
			compatibilityVersion = "Xcode 14.0";
			developmentRegion = de;
			hasScannedForEncodings = 0;
			knownRegions = (
				de,
				en,
				Base,
			);
			mainGroup = 1BC61197B7561745E23EAF00;
			productRefGroup = 93D9642B826A396D3C3F691F /* Products */;
			projectDirPath = "";
			projectRoot = "";
			targets = (
				A433E53741EA2478FCC77843 /* Nebenkosten */,
			);
		};
/* End PBXProject section */

/* Begin PBXResourcesBuildPhase section */
		B04831CC372489EBF0287850 /* Resources */ = {
			isa = PBXResourcesBuildPhase;
			buildActionMask = 2147483647;
			files = (
				F8D9DE6070C5B582523BB974 /* Assets.xcassets in Resources */,
			);
			runOnlyForDeploymentPostprocessing = 0;
		};
/* End PBXResourcesBuildPhase section */

/* Begin PBXSourcesBuildPhase section */
		9261F04E014268C1FB6C1C5E /* Sources */ = {
			isa = PBXSourcesBuildPhase;
			buildActionMask = 2147483647;
			files = (
				1CA61166F746BD3A75C719CD /* Bausteine.swift in Sources */,
				11DA4B7045C6CB4A7D1A6AAC /* DatenAnsicht.swift in Sources */,
				A68DCDCB14D1C2F63CC84B63 /* DokumentAnsicht.swift in Sources */,
				6B57A8B292DF63E6E9BF0809 /* EinheitenAnsicht.swift in Sources */,
				078301708F7259E81F9F2E45 /* HeizungAnsicht.swift in Sources */,
				03DCDB3072846285B120E909 /* KostenAnsicht.swift in Sources */,
				15F46F6D31B26204A8D4893B /* MieterAnsicht.swift in Sources */,
				5DFF1D7DB46201903B125C61 /* PruefungAnsicht.swift in Sources */,
				EED5A6561DAB0EEBAB8F2083 /* RootAnsicht.swift in Sources */,
				8ADE812668D3FCC11D3285FB /* StammdatenAnsicht.swift in Sources */,
				C81D706EF8DF8AC359619E02 /* UebersichtAnsicht.swift in Sources */,
				FC2D1F03B299747E4D4F200D /* VerbrauchAnsicht.swift in Sources */,
				C44EAA1B4606F29600D54621 /* NebenkostenApp.swift in Sources */,
				7D8EE05C6A2EEB5F96859E25 /* Datenspeicher.swift in Sources */,
				D3883E6731631D1865A0F91B /* PDFDienst.swift in Sources */,
				5E0D764F6E47176E13203D28 /* Abrechnung.swift in Sources */,
				65BA54F07380253DC84D55C7 /* CO2.swift in Sources */,
				8F9209FE97A4220C775AD2A3 /* Datum.swift in Sources */,
				9A161859E5E0F722ED8FFABD /* Demodaten.swift in Sources */,
				583790A18C5219CC806C225F /* DokumentHTML.swift in Sources */,
				6F47007EEF6F732E7E1718C0 /* Geld.swift in Sources */,
				FB53B5748ADD87C16F1D1F65 /* Heizkosten.swift in Sources */,
				4D78BCE970CDAE479FEB008B /* Katalog.swift in Sources */,
				435951EC4B5C1D557307B47B /* Modell.swift in Sources */,
				AAA9BA6CB15FCA849FFC688E /* Pruefung.swift in Sources */,
			);
			runOnlyForDeploymentPostprocessing = 0;
		};
/* End PBXSourcesBuildPhase section */

/* Begin XCBuildConfiguration section */
		52964B711FC11DC4785AB1B1 /* Debug */ = {
			isa = XCBuildConfiguration;
			buildSettings = {
				ALWAYS_SEARCH_USER_PATHS = NO;
				CLANG_ENABLE_MODULES = YES;
				CLANG_ENABLE_OBJC_ARC = YES;
				CLANG_WARN_DOCUMENTATION_COMMENTS = YES;
				COPY_PHASE_STRIP = NO;
				ENABLE_STRICT_OBJC_MSGSEND = YES;
				GCC_C_LANGUAGE_STANDARD = gnu17;
				IPHONEOS_DEPLOYMENT_TARGET = 16.0;
				SDKROOT = iphoneos;
				SWIFT_VERSION = 5.0;
				DEBUG_INFORMATION_FORMAT = dwarf;
				ENABLE_TESTABILITY = YES;
				GCC_OPTIMIZATION_LEVEL = 0;
				GCC_PREPROCESSOR_DEFINITIONS = (
					"DEBUG=1",
					"$(inherited)",
				);
				MTL_ENABLE_DEBUG_INFO = INCLUDE_SOURCE;
				ONLY_ACTIVE_ARCH = YES;
				SWIFT_ACTIVE_COMPILATION_CONDITIONS = DEBUG;
				SWIFT_OPTIMIZATION_LEVEL = "-Onone";
			};
			name = Debug;
		};
		302B8FE5AA3E9B7399310703 /* Release */ = {
			isa = XCBuildConfiguration;
			buildSettings = {
				ALWAYS_SEARCH_USER_PATHS = NO;
				CLANG_ENABLE_MODULES = YES;
				CLANG_ENABLE_OBJC_ARC = YES;
				CLANG_WARN_DOCUMENTATION_COMMENTS = YES;
				COPY_PHASE_STRIP = NO;
				ENABLE_STRICT_OBJC_MSGSEND = YES;
				GCC_C_LANGUAGE_STANDARD = gnu17;
				IPHONEOS_DEPLOYMENT_TARGET = 16.0;
				SDKROOT = iphoneos;
				SWIFT_VERSION = 5.0;
				DEBUG_INFORMATION_FORMAT = "dwarf-with-dsym";
				ENABLE_NS_ASSERTIONS = NO;
				MTL_ENABLE_DEBUG_INFO = NO;
				SWIFT_COMPILATION_MODE = wholemodule;
				VALIDATE_PRODUCT = YES;
			};
			name = Release;
		};
		C76D9859C6A709D72A5F123D /* Debug */ = {
			isa = XCBuildConfiguration;
			buildSettings = {
				ASSETCATALOG_COMPILER_APPICON_NAME = AppIcon;
				ASSETCATALOG_COMPILER_GLOBAL_ACCENT_COLOR_NAME = AccentColor;
				CODE_SIGN_STYLE = Automatic;
				CURRENT_PROJECT_VERSION = 1;
				DEVELOPMENT_ASSET_PATHS = "";
				ENABLE_PREVIEWS = YES;
				GENERATE_INFOPLIST_FILE = YES;
				INFOPLIST_KEY_CFBundleDisplayName = Nebenkosten;
				INFOPLIST_KEY_LSApplicationCategoryType = "public.app-category.finance";
				INFOPLIST_KEY_UIApplicationSceneManifest_Generation = YES;
				INFOPLIST_KEY_UIApplicationSupportsIndirectInputEvents = YES;
				INFOPLIST_KEY_UILaunchScreen_Generation = YES;
				INFOPLIST_KEY_UIRequiresFullScreen = NO;
				INFOPLIST_KEY_UISupportedInterfaceOrientations_iPad = "UIInterfaceOrientationPortrait UIInterfaceOrientationPortraitUpsideDown UIInterfaceOrientationLandscapeLeft UIInterfaceOrientationLandscapeRight";
				INFOPLIST_KEY_UISupportedInterfaceOrientations_iPhone = "UIInterfaceOrientationPortrait UIInterfaceOrientationLandscapeLeft UIInterfaceOrientationLandscapeRight";
				IPHONEOS_DEPLOYMENT_TARGET = 16.0;
				LD_RUNPATH_SEARCH_PATHS = (
					"$(inherited)",
					"@executable_path/Frameworks",
				);
				MARKETING_VERSION = 1.0;
				PRODUCT_BUNDLE_IDENTIFIER = de.spachmann.nebenkosten;
				PRODUCT_NAME = "$(TARGET_NAME)";
				SWIFT_EMIT_LOC_STRINGS = YES;
				TARGETED_DEVICE_FAMILY = "1,2";
			};
			name = Debug;
		};
		69BE8C3825C4A7DB31725BB3 /* Release */ = {
			isa = XCBuildConfiguration;
			buildSettings = {
				ASSETCATALOG_COMPILER_APPICON_NAME = AppIcon;
				ASSETCATALOG_COMPILER_GLOBAL_ACCENT_COLOR_NAME = AccentColor;
				CODE_SIGN_STYLE = Automatic;
				CURRENT_PROJECT_VERSION = 1;
				DEVELOPMENT_ASSET_PATHS = "";
				ENABLE_PREVIEWS = YES;
				GENERATE_INFOPLIST_FILE = YES;
				INFOPLIST_KEY_CFBundleDisplayName = Nebenkosten;
				INFOPLIST_KEY_LSApplicationCategoryType = "public.app-category.finance";
				INFOPLIST_KEY_UIApplicationSceneManifest_Generation = YES;
				INFOPLIST_KEY_UIApplicationSupportsIndirectInputEvents = YES;
				INFOPLIST_KEY_UILaunchScreen_Generation = YES;
				INFOPLIST_KEY_UIRequiresFullScreen = NO;
				INFOPLIST_KEY_UISupportedInterfaceOrientations_iPad = "UIInterfaceOrientationPortrait UIInterfaceOrientationPortraitUpsideDown UIInterfaceOrientationLandscapeLeft UIInterfaceOrientationLandscapeRight";
				INFOPLIST_KEY_UISupportedInterfaceOrientations_iPhone = "UIInterfaceOrientationPortrait UIInterfaceOrientationLandscapeLeft UIInterfaceOrientationLandscapeRight";
				IPHONEOS_DEPLOYMENT_TARGET = 16.0;
				LD_RUNPATH_SEARCH_PATHS = (
					"$(inherited)",
					"@executable_path/Frameworks",
				);
				MARKETING_VERSION = 1.0;
				PRODUCT_BUNDLE_IDENTIFIER = de.spachmann.nebenkosten;
				PRODUCT_NAME = "$(TARGET_NAME)";
				SWIFT_EMIT_LOC_STRINGS = YES;
				TARGETED_DEVICE_FAMILY = "1,2";
			};
			name = Release;
		};
/* End XCBuildConfiguration section */

/* Begin XCConfigurationList section */
		2635A9267CF92C30EEB45605 /* Build configuration list for PBXProject "Nebenkosten" */ = {
			isa = XCConfigurationList;
			buildConfigurations = (
				52964B711FC11DC4785AB1B1 /* Debug */,
				302B8FE5AA3E9B7399310703 /* Release */,
			);
			defaultConfigurationIsVisible = 0;
			defaultConfigurationName = Release;
		};
		1DD15A316465230F85C7D5B9 /* Build configuration list for PBXNativeTarget "Nebenkosten" */ = {
			isa = XCConfigurationList;
			buildConfigurations = (
				C76D9859C6A709D72A5F123D /* Debug */,
				69BE8C3825C4A7DB31725BB3 /* Release */,
			);
			defaultConfigurationIsVisible = 0;
			defaultConfigurationName = Release;
		};
/* End XCConfigurationList section */
	};
	rootObject = 1E09062A43327744B3F2A8E8 /* Project object */;
}
